
Microsoft Visual Studio Solution File, Format Version 12.00
Project("{FAE04EC0-301F-11D3-BF4B-00C04F79EFBC}") = "laba_1_1", "laba_1_1\laba_1_1.csproj", "{727B7880-07C4-4483-9140-B08EB7158C66}"
EndProject
Project("{FAE04EC0-301F-11D3-BF4B-00C04F79EFBC}") = "laba_1_1.Tests", "laba_1_1.Tests\laba_1_1.Tests.csproj", "{591352AF-0064-499C-886A-02F273D813E9}"
EndProject
Project("{FAE04EC0-301F-11D3-BF4B-00C04F79EFBC}") = "laba_1_2", "laba_1_2\laba_1_2.csproj", "{352E83A5-1C8B-42A5-90B9-3CEE972CE9A6}"
EndProject
Project("{FAE04EC0-301F-11D3-BF4B-00C04F79EFBC}") = "laba_1_3", "laba_1_3\laba_1_3.csproj", "{205348DE-A971-4A07-8FFA-8B4487EF9EE3}"
EndProject
Global
	GlobalSection(SolutionConfigurationPlatforms) = preSolution
		Debug|Any CPU = Debug|Any CPU
		Release|Any CPU = Release|Any CPU
	EndGlobalSection
	GlobalSection(ProjectConfigurationPlatforms) = postSolution
		{727B7880-07C4-4483-9140-B08EB7158C66}.Debug|Any CPU.ActiveCfg = Debug|Any CPU
		{727B7880-07C4-4483-9140-B08EB7158C66}.Debug|Any CPU.Build.0 = Debug|Any CPU
		{727B7880-07C4-4483-9140-B08EB7158C66}.Release|Any CPU.ActiveCfg = Release|Any CPU
		{727B7880-07C4-4483-9140-B08EB7158C66}.Release|Any CPU.Build.0 = Release|Any CPU
		{591352AF-0064-499C-886A-02F273D813E9}.Debug|Any CPU.ActiveCfg = Debug|Any CPU
		{591352AF-0064-499C-886A-02F273D813E9}.Debug|Any CPU.Build.0 = Debug|Any CPU
		{591352AF-0064-499C-886A-02F273D813E9}.Release|Any CPU.ActiveCfg = Release|Any CPU
		{591352AF-0064-499C-886A-02F273D813E9}.Release|Any CPU.Build.0 = Release|Any CPU
		{352E83A5-1C8B-42A5-90B9-3CEE972CE9A6}.Debug|Any CPU.ActiveCfg = Debug|Any CPU
		{352E83A5-1C8B-42A5-90B9-3CEE972CE9A6}.Debug|Any CPU.Build.0 = Debug|Any CPU
		{352E83A5-1C8B-42A5-90B9-3CEE972CE9A6}.Release|Any CPU.ActiveCfg = Release|Any CPU
		{352E83A5-1C8B-42A5-90B9-3CEE972CE9A6}.Release|Any CPU.Build.0 = Release|Any CPU
		{205348DE-A971-4A07-8FFA-8B4487EF9EE3}.Debug|Any CPU.ActiveCfg = Debug|Any CPU
		{205348DE-A971-4A07-8FFA-8B4487EF9EE3}.Debug|Any CPU.Build.0 = Debug|Any CPU
		{205348DE-A971-4A07-8FFA-8B4487EF9EE3}.Release|Any CPU.ActiveCfg = Release|Any CPU
		{205348DE-A971-4A07-8FFA-8B4487EF9EE3}.Release|Any CPU.Build.0 = Release|Any CPU
	EndGlobalSection
EndGlobal
